
Microsoft Visual Studio Solution File, Format Version 11.00
# Visual Studio 2010
Project("{FAE04EC0-301F-11D3-BF4B-00C04F79EFBC}") = "Assembly-CSharp", "Assembly-CSharp.csproj", "{bbc5e539-16bb-c879-4264-a0b43bc7c74a}"
EndProject
Project("{FAE04EC0-301F-11D3-BF4B-00C04F79EFBC}") = "Assembly-CSharp-Editor", "Assembly-CSharp-Editor.csproj", "{52f831f8-c12c-cea2-c3a9-04d4183ddca7}"
EndProject
Global
	GlobalSection(SolutionConfigurationPlatforms) = preSolution
		Debug|Any CPU = Debug|Any CPU
	EndGlobalSection
	GlobalSection(ProjectConfigurationPlatforms) = postSolution
		{bbc5e539-16bb-c879-4264-a0b43bc7c74a}.Debug|Any CPU.ActiveCfg = Debug|Any CPU
		{bbc5e539-16bb-c879-4264-a0b43bc7c74a}.Debug|Any CPU.Build.0 = Debug|Any CPU
		{52f831f8-c12c-cea2-c3a9-04d4183ddca7}.Debug|Any CPU.ActiveCfg = Debug|Any CPU
		{52f831f8-c12c-cea2-c3a9-04d4183ddca7}.Debug|Any CPU.Build.0 = Debug|Any CPU
	EndGlobalSection
	GlobalSection(SolutionProperties) = preSolution
		HideSolutionNode = FALSE
	EndGlobalSection
EndGlobal
